
Microsoft Visual Studio Solution File, Format Version 12.00
# Visual Studio Version 16
VisualStudioVersion = 16.0.30804.86
MinimumVisualStudioVersion = 10.0.40219.1
Project("{FAE04EC0-301F-11D3-BF4B-00C04F79EFBC}") = "OddOrEven", "OddOrEven\OddOrEven.csproj", "{6113D2AE-E125-4A40-A694-8ECEAB3B2C90}"
EndProject
Project("{FAE04EC0-301F-11D3-BF4B-00C04F79EFBC}") = "DigitParser", "DigitParser\DigitParser.csproj", "{102E7F0F-0E59-4254-9CA0-EAF7361F10D8}"
EndProject
Project("{FAE04EC0-301F-11D3-BF4B-00C04F79EFBC}") = "BodyMass", "BodyMass\BodyMass.csproj", "{B2D11968-E78B-406E-90BF-A5CBB86EC56C}"
EndProject
Project("{FAE04EC0-301F-11D3-BF4B-00C04F79EFBC}") = "CarPool", "CarPool\CarPool.csproj", "{802DFB57-8D3C-4384-9E32-9D12E69BF042}"
EndProject
Global
	GlobalSection(SolutionConfigurationPlatforms) = preSolution
		Debug|Any CPU = Debug|Any CPU
		Release|Any CPU = Release|Any CPU
	EndGlobalSection
	GlobalSection(ProjectConfigurationPlatforms) = postSolution
		{6113D2AE-E125-4A40-A694-8ECEAB3B2C90}.Debug|Any CPU.ActiveCfg = Debug|Any CPU
		{6113D2AE-E125-4A40-A694-8ECEAB3B2C90}.Debug|Any CPU.Build.0 = Debug|Any CPU
		{6113D2AE-E125-4A40-A694-8ECEAB3B2C90}.Release|Any CPU.ActiveCfg = Release|Any CPU
		{6113D2AE-E125-4A40-A694-8ECEAB3B2C90}.Release|Any CPU.Build.0 = Release|Any CPU
		{102E7F0F-0E59-4254-9CA0-EAF7361F10D8}.Debug|Any CPU.ActiveCfg = Debug|Any CPU
		{102E7F0F-0E59-4254-9CA0-EAF7361F10D8}.Debug|Any CPU.Build.0 = Debug|Any CPU
		{102E7F0F-0E59-4254-9CA0-EAF7361F10D8}.Release|Any CPU.ActiveCfg = Release|Any CPU
		{102E7F0F-0E59-4254-9CA0-EAF7361F10D8}.Release|Any CPU.Build.0 = Release|Any CPU
		{B2D11968-E78B-406E-90BF-A5CBB86EC56C}.Debug|Any CPU.ActiveCfg = Debug|Any CPU
		{B2D11968-E78B-406E-90BF-A5CBB86EC56C}.Debug|Any CPU.Build.0 = Debug|Any CPU
		{B2D11968-E78B-406E-90BF-A5CBB86EC56C}.Release|Any CPU.ActiveCfg = Release|Any CPU
		{B2D11968-E78B-406E-90BF-A5CBB86EC56C}.Release|Any CPU.Build.0 = Release|Any CPU
		{802DFB57-8D3C-4384-9E32-9D12E69BF042}.Debug|Any CPU.ActiveCfg = Debug|Any CPU
		{802DFB57-8D3C-4384-9E32-9D12E69BF042}.Debug|Any CPU.Build.0 = Debug|Any CPU
		{802DFB57-8D3C-4384-9E32-9D12E69BF042}.Release|Any CPU.ActiveCfg = Release|Any CPU
		{802DFB57-8D3C-4384-9E32-9D12E69BF042}.Release|Any CPU.Build.0 = Release|Any CPU
	EndGlobalSection
	GlobalSection(SolutionProperties) = preSolution
		HideSolutionNode = FALSE
	EndGlobalSection
	GlobalSection(ExtensibilityGlobals) = postSolution
		SolutionGuid = {E3A579F1-1BFB-449B-918A-6552E93FF7F3}
	EndGlobalSection
EndGlobal
